// !$*UTF8*$!
{
	archiveVersion = 1;
	classes = {
	};
	objectVersion = 46;
	objects = {

/* Begin PBXBuildFile section */
		B640F19915E7D34B008C91DA /* UIKit.framework in Frameworks */ = {isa = PBXBuildFile; fileRef = B640F19815E7D34B008C91DA /* UIKit.framework */; };
		B640F19B15E7D34B008C91DA /* Foundation.framework in Frameworks */ = {isa = PBXBuildFile; fileRef = B640F19A15E7D34B008C91DA /* Foundation.framework */; };
		B640F19D15E7D34B008C91DA /* CoreGraphics.framework in Frameworks */ = {isa = PBXBuildFile; fileRef = B640F19C15E7D34B008C91DA /* CoreGraphics.framework */; };
		B640F1A315E7D34B008C91DA /* InfoPlist.strings in Resources */ = {isa = PBXBuildFile; fileRef = B640F1A115E7D34B008C91DA /* InfoPlist.strings */; };
		B640F1A515E7D34B008C91DA /* main.m in Sources */ = {isa = PBXBuildFile; fileRef = B640F1A415E7D34B008C91DA /* main.m */; };
		B640F1A915E7D34B008C91DA /* PsychologistAppDelegate.m in Sources */ = {isa = PBXBuildFile; fileRef = B640F1A815E7D34B008C91DA /* PsychologistAppDelegate.m */; };
		B640F1AC15E7D34B008C91DA /* MainStoryboard.storyboard in Resources */ = {isa = PBXBuildFile; fileRef = B640F1AA15E7D34B008C91DA /* MainStoryboard.storyboard */; };
		B640F1AF15E7D34B008C91DA /* PsychologistViewController.m in Sources */ = {isa = PBXBuildFile; fileRef = B640F1AE15E7D34B008C91DA /* PsychologistViewController.m */; };
		B640F1B915E7D3C8008C91DA /* FaceView.m in Sources */ = {isa = PBXBuildFile; fileRef = B640F1B615E7D3C8008C91DA /* FaceView.m */; };
		B640F1BA15E7D3C8008C91DA /* happinessViewController.m in Sources */ = {isa = PBXBuildFile; fileRef = B640F1B815E7D3C8008C91DA /* happinessViewController.m */; };
/* End PBXBuildFile section */

/* Begin PBXFileReference section */
		B640F19415E7D34B008C91DA /* Psychologist.app */ = {isa = PBXFileReference; explicitFileType = wrapper.application; includeInIndex = 0; path = Psychologist.app; sourceTree = BUILT_PRODUCTS_DIR; };
		B640F19815E7D34B008C91DA /* UIKit.framework */ = {isa = PBXFileReference; lastKnownFileType = wrapper.framework; name = UIKit.framework; path = System/Library/Frameworks/UIKit.framework; sourceTree = SDKROOT; };
		B640F19A15E7D34B008C91DA /* Foundation.framework */ = {isa = PBXFileReference; lastKnownFileType = wrapper.framework; name = Foundation.framework; path = System/Library/Frameworks/Foundation.framework; sourceTree = SDKROOT; };
		B640F19C15E7D34B008C91DA /* CoreGraphics.framework */ = {isa = PBXFileReference; lastKnownFileType = wrapper.framework; name = CoreGraphics.framework; path = System/Library/Frameworks/CoreGraphics.framework; sourceTree = SDKROOT; };
		B640F1A015E7D34B008C91DA /* Psychologist-Info.plist */ = {isa = PBXFileReference; lastKnownFileType = text.plist.xml; path = "Psychologist-Info.plist"; sourceTree = "<group>"; };
		B640F1A215E7D34B008C91DA /* en */ = {isa = PBXFileReference; lastKnownFileType = text.plist.strings; name = en; path = en.lproj/InfoPlist.strings; sourceTree = "<group>"; };
		B640F1A415E7D34B008C91DA /* main.m */ = {isa = PBXFileReference; lastKnownFileType = sourcecode.c.objc; path = main.m; sourceTree = "<group>"; };
		B640F1A615E7D34B008C91DA /* Psychologist-Prefix.pch */ = {isa = PBXFileReference; lastKnownFileType = sourcecode.c.h; path = "Psychologist-Prefix.pch"; sourceTree = "<group>"; };
		B640F1A715E7D34B008C91DA /* PsychologistAppDelegate.h */ = {isa = PBXFileReference; lastKnownFileType = sourcecode.c.h; path = PsychologistAppDelegate.h; sourceTree = "<group>"; };
		B640F1A815E7D34B008C91DA /* PsychologistAppDelegate.m */ = {isa = PBXFileReference; lastKnownFileType = sourcecode.c.objc; path = PsychologistAppDelegate.m; sourceTree = "<group>"; };
		B640F1AB15E7D34B008C91DA /* en */ = {isa = PBXFileReference; lastKnownFileType = file.storyboard; name = en; path = en.lproj/MainStoryboard.storyboard; sourceTree = "<group>"; };
		B640F1AD15E7D34B008C91DA /* PsychologistViewController.h */ = {isa = PBXFileReference; lastKnownFileType = sourcecode.c.h; path = PsychologistViewController.h; sourceTree = "<group>"; };
		B640F1AE15E7D34B008C91DA /* PsychologistViewController.m */ = {isa = PBXFileReference; lastKnownFileType = sourcecode.c.objc; path = PsychologistViewController.m; sourceTree = "<group>"; };
		B640F1B515E7D3C8008C91DA /* FaceView.h */ = {isa = PBXFileReference; fileEncoding = 4; lastKnownFileType = sourcecode.c.h; path = FaceView.h; sourceTree = "<group>"; };
		B640F1B615E7D3C8008C91DA /* FaceView.m */ = {isa = PBXFileReference; fileEncoding = 4; lastKnownFileType = sourcecode.c.objc; path = FaceView.m; sourceTree = "<group>"; };
		B640F1B715E7D3C8008C91DA /* happinessViewController.h */ = {isa = PBXFileReference; fileEncoding = 4; lastKnownFileType = sourcecode.c.h; path = happinessViewController.h; sourceTree = "<group>"; };
		B640F1B815E7D3C8008C91DA /* happinessViewController.m */ = {isa = PBXFileReference; fileEncoding = 4; lastKnownFileType = sourcecode.c.objc; path = happinessViewController.m; sourceTree = "<group>"; };
/* End PBXFileReference section */

/* Begin PBXFrameworksBuildPhase section */
		B640F19115E7D34B008C91DA /* Frameworks */ = {
			isa = PBXFrameworksBuildPhase;
			buildActionMask = 2147483647;
			files = (
				B640F19915E7D34B008C91DA /* UIKit.framework in Frameworks */,
				B640F19B15E7D34B008C91DA /* Foundation.framework in Frameworks */,
				B640F19D15E7D34B008C91DA /* CoreGraphics.framework in Frameworks */,
			);
			runOnlyForDeploymentPostprocessing = 0;
		};
/* End PBXFrameworksBuildPhase section */

/* Begin PBXGroup section */
		B640F18915E7D34B008C91DA = {
			isa = PBXGroup;
			children = (
				B640F19E15E7D34B008C91DA /* Psychologist */,
				B640F19715E7D34B008C91DA /* Frameworks */,
				B640F19515E7D34B008C91DA /* Products */,
			);
			sourceTree = "<group>";
		};
		B640F19515E7D34B008C91DA /* Products */ = {
			isa = PBXGroup;
			children = (
				B640F19415E7D34B008C91DA /* Psychologist.app */,
			);
			name = Products;
			sourceTree = "<group>";
		};
		B640F19715E7D34B008C91DA /* Frameworks */ = {
			isa = PBXGroup;
			children = (
				B640F19815E7D34B008C91DA /* UIKit.framework */,
				B640F19A15E7D34B008C91DA /* Foundation.framework */,
				B640F19C15E7D34B008C91DA /* CoreGraphics.framework */,
			);
			name = Frameworks;
			sourceTree = "<group>";
		};
		B640F19E15E7D34B008C91DA /* Psychologist */ = {
			isa = PBXGroup;
			children = (
				B640F1A715E7D34B008C91DA /* PsychologistAppDelegate.h */,
				B640F1A815E7D34B008C91DA /* PsychologistAppDelegate.m */,
				B640F1AA15E7D34B008C91DA /* MainStoryboard.storyboard */,
				B640F1AD15E7D34B008C91DA /* PsychologistViewController.h */,
				B640F1AE15E7D34B008C91DA /* PsychologistViewController.m */,
				B640F1B515E7D3C8008C91DA /* FaceView.h */,
				B640F1B615E7D3C8008C91DA /* FaceView.m */,
				B640F1B715E7D3C8008C91DA /* happinessViewController.h */,
				B640F1B815E7D3C8008C91DA /* happinessViewController.m */,
				B640F19F15E7D34B008C91DA /* Supporting Files */,
			);
			path = Psychologist;
			sourceTree = "<group>";
		};
		B640F19F15E7D34B008C91DA /* Supporting Files */ = {
			isa = PBXGroup;
			children = (
				B640F1A015E7D34B008C91DA /* Psychologist-Info.plist */,
				B640F1A115E7D34B008C91DA /* InfoPlist.strings */,
				B640F1A415E7D34B008C91DA /* main.m */,
				B640F1A615E7D34B008C91DA /* Psychologist-Prefix.pch */,
			);
			name = "Supporting Files";
			sourceTree = "<group>";
		};
/* End PBXGroup section */

/* Begin PBXNativeTarget section */
		B640F19315E7D34B008C91DA /* Psychologist */ = {
			isa = PBXNativeTarget;
			buildConfigurationList = B640F1B215E7D34B008C91DA /* Build configuration list for PBXNativeTarget "Psychologist" */;
			buildPhases = (
				B640F19015E7D34B008C91DA /* Sources */,
				B640F19115E7D34B008C91DA /* Frameworks */,
				B640F19215E7D34B008C91DA /* Resources */,
			);
			buildRules = (
			);
			dependencies = (
			);
			name = Psychologist;
			productName = Psychologist;
			productReference = B640F19415E7D34B008C91DA /* Psychologist.app */;
			productType = "com.apple.product-type.application";
		};
/* End PBXNativeTarget section */

/* Begin PBXProject section */
		B640F18B15E7D34B008C91DA /* Project object */ = {
			isa = PBXProject;
			attributes = {
				CLASSPREFIX = Psychologist;
				LastUpgradeCheck = 0440;
				ORGANIZATIONNAME = Upanels;
			};
			buildConfigurationList = B640F18E15E7D34B008C91DA /* Build configuration list for PBXProject "Psychologist" */;
			compatibilityVersion = "Xcode 3.2";
			developmentRegion = English;
			hasScannedForEncodings = 0;
			knownRegions = (
				en,
			);
			mainGroup = B640F18915E7D34B008C91DA;
			productRefGroup = B640F19515E7D34B008C91DA /* Products */;
			projectDirPath = "";
			projectRoot = "";
			targets = (
				B640F19315E7D34B008C91DA /* Psychologist */,
			);
		};
/* End PBXProject section */

/* Begin PBXResourcesBuildPhase section */
		B640F19215E7D34B008C91DA /* Resources */ = {
			isa = PBXResourcesBuildPhase;
			buildActionMask = 2147483647;
			files = (
				B640F1A315E7D34B008C91DA /* InfoPlist.strings in Resources */,
				B640F1AC15E7D34B008C91DA /* MainStoryboard.storyboard in Resources */,
			);
			runOnlyForDeploymentPostprocessing = 0;
		};
/* End PBXResourcesBuildPhase section */

/* Begin PBXSourcesBuildPhase section */
		B640F19015E7D34B008C91DA /* Sources */ = {
			isa = PBXSourcesBuildPhase;
			buildActionMask = 2147483647;
			files = (
				B640F1A515E7D34B008C91DA /* main.m in Sources */,
				B640F1A915E7D34B008C91DA /* PsychologistAppDelegate.m in Sources */,
				B640F1AF15E7D34B008C91DA /* PsychologistViewController.m in Sources */,
				B640F1B915E7D3C8008C91DA /* FaceView.m in Sources */,
				B640F1BA15E7D3C8008C91DA /* happinessViewController.m in Sources */,
			);
			runOnlyForDeploymentPostprocessing = 0;
		};
/* End PBXSourcesBuildPhase section */

/* Begin PBXVariantGroup section */
		B640F1A115E7D34B008C91DA /* InfoPlist.strings */ = {
			isa = PBXVariantGroup;
			children = (
				B640F1A215E7D34B008C91DA /* en */,
			);
			name = InfoPlist.strings;
			sourceTree = "<group>";
		};
		B640F1AA15E7D34B008C91DA /* MainStoryboard.storyboard */ = {
			isa = PBXVariantGroup;
			children = (
				B640F1AB15E7D34B008C91DA /* en */,
			);
			name = MainStoryboard.storyboard;
			sourceTree = "<group>";
		};
/* End PBXVariantGroup section */

/* Begin XCBuildConfiguration section */
		B640F1B015E7D34B008C91DA /* Debug */ = {
			isa = XCBuildConfiguration;
			buildSettings = {
				ALWAYS_SEARCH_USER_PATHS = NO;
				ARCHS = "$(ARCHS_STANDARD_32_BIT)";
				CLANG_CXX_LANGUAGE_STANDARD = "gnu++0x";
				CLANG_ENABLE_OBJC_ARC = YES;
				CLANG_WARN__DUPLICATE_METHOD_MATCH = YES;
				"CODE_SIGN_IDENTITY[sdk=iphoneos*]" = "iPhone Developer";
				COPY_PHASE_STRIP = NO;
				GCC_C_LANGUAGE_STANDARD = gnu99;
				GCC_DYNAMIC_NO_PIC = NO;
				GCC_OPTIMIZATION_LEVEL = 0;
				GCC_PREPROCESSOR_DEFINITIONS = (
					"DEBUG=1",
					"$(inherited)",
				);
				GCC_SYMBOLS_PRIVATE_EXTERN = NO;
				GCC_VERSION = com.apple.compilers.llvm.clang.1_0;
				GCC_WARN_ABOUT_RETURN_TYPE = YES;
				GCC_WARN_UNINITIALIZED_AUTOS = YES;
				GCC_WARN_UNUSED_VARIABLE = YES;
				IPHONEOS_DEPLOYMENT_TARGET = 5.1;
				SDKROOT = iphoneos;
			};
			name = Debug;
		};
		B640F1B115E7D34B008C91DA /* Release */ = {
			isa = XCBuildConfiguration;
			buildSettings = {
				ALWAYS_SEARCH_USER_PATHS = NO;
				ARCHS = "$(ARCHS_STANDARD_32_BIT)";
				CLANG_CXX_LANGUAGE_STANDARD = "gnu++0x";
				CLANG_ENABLE_OBJC_ARC = YES;
				CLANG_WARN__DUPLICATE_METHOD_MATCH = YES;
				"CODE_SIGN_IDENTITY[sdk=iphoneos*]" = "iPhone Developer";
				COPY_PHASE_STRIP = YES;
				GCC_C_LANGUAGE_STANDARD = gnu99;
				GCC_VERSION = com.apple.compilers.llvm.clang.1_0;
				GCC_WARN_ABOUT_RETURN_TYPE = YES;
				GCC_WARN_UNINITIALIZED_AUTOS = YES;
				GCC_WARN_UNUSED_VARIABLE = YES;
				IPHONEOS_DEPLOYMENT_TARGET = 5.1;
				OTHER_CFLAGS = "-DNS_BLOCK_ASSERTIONS=1";
				SDKROOT = iphoneos;
				VALIDATE_PRODUCT = YES;
			};
			name = Release;
		};
		B640F1B315E7D34B008C91DA /* Debug */ = {
			isa = XCBuildConfiguration;
			buildSettings = {
				GCC_PRECOMPILE_PREFIX_HEADER = YES;
				GCC_PREFIX_HEADER = "Psychologist/Psychologist-Prefix.pch";
				INFOPLIST_FILE = "Psychologist/Psychologist-Info.plist";
				PRODUCT_NAME = "$(TARGET_NAME)";
				WRAPPER_EXTENSION = app;
			};
			name = Debug;
		};
		B640F1B415E7D34B008C91DA /* Release */ = {
			isa = XCBuildConfiguration;
			buildSettings = {
				GCC_PRECOMPILE_PREFIX_HEADER = YES;
				GCC_PREFIX_HEADER = "Psychologist/Psychologist-Prefix.pch";
				INFOPLIST_FILE = "Psychologist/Psychologist-Info.plist";
				PRODUCT_NAME = "$(TARGET_NAME)";
				WRAPPER_EXTENSION = app;
			};
			name = Release;
		};
/* End XCBuildConfiguration section */

/* Begin XCConfigurationList section */
		B640F18E15E7D34B008C91DA /* Build configuration list for PBXProject "Psychologist" */ = {
			isa = XCConfigurationList;
			buildConfigurations = (
				B640F1B015E7D34B008C91DA /* Debug */,
				B640F1B115E7D34B008C91DA /* Release */,
			);
			defaultConfigurationIsVisible = 0;
			defaultConfigurationName = Release;
		};
		B640F1B215E7D34B008C91DA /* Build configuration list for PBXNativeTarget "Psychologist" */ = {
			isa = XCConfigurationList;
			buildConfigurations = (
				B640F1B315E7D34B008C91DA /* Debug */,
				B640F1B415E7D34B008C91DA /* Release */,
			);
			defaultConfigurationIsVisible = 0;
		};
/* End XCConfigurationList section */
	};
	rootObject = B640F18B15E7D34B008C91DA /* Project object */;
}
